
Microsoft Visual Studio Solution File, Format Version 12.00
# Visual Studio Version 17
VisualStudioVersion = 17.1.32319.34
MinimumVisualStudioVersion = 10.0.40219.1
Project("{FAE04EC0-301F-11D3-BF4B-00C04F79EFBC}") = "QRCoderExample", "QRCoderExample\QRCoderExample.csproj", "{AC2847FF-FE53-4CF7-9B76-03BB907626F3}"
EndProject
Global
	GlobalSection(SolutionConfigurationPlatforms) = preSolution
		Debug|Any CPU = Debug|Any CPU
		Release|Any CPU = Release|Any CPU
	EndGlobalSection
	GlobalSection(ProjectConfigurationPlatforms) = postSolution
		{AC2847FF-FE53-4CF7-9B76-03BB907626F3}.Debug|Any CPU.ActiveCfg = Debug|Any CPU
		{AC2847FF-FE53-4CF7-9B76-03BB907626F3}.Debug|Any CPU.Build.0 = Debug|Any CPU
		{AC2847FF-FE53-4CF7-9B76-03BB907626F3}.Release|Any CPU.ActiveCfg = Release|Any CPU
		{AC2847FF-FE53-4CF7-9B76-03BB907626F3}.Release|Any CPU.Build.0 = Release|Any CPU
	EndGlobalSection
	GlobalSection(SolutionProperties) = preSolution
		HideSolutionNode = FALSE
	EndGlobalSection
	GlobalSection(ExtensibilityGlobals) = postSolution
		SolutionGuid = {0598151D-5BD7-4438-8C5B-1A3C80BE21BE}
	EndGlobalSection
EndGlobal
